
Microsoft Visual Studio Solution File, Format Version 12.00
# Visual Studio 15
VisualStudioVersion = 15.0.27428.2015
MinimumVisualStudioVersion = 10.0.40219.1
Project("{888888A0-9F3D-457C-B088-3A5042F75D52}") = "ConnectFour", "ConnectFour\ConnectFour.pyproj", "{26E64563-2846-4AE6-B10C-E8787F7F2F45}"
EndProject
Global
	GlobalSection(SolutionConfigurationPlatforms) = preSolution
		Debug|Any CPU = Debug|Any CPU
		Release|Any CPU = Release|Any CPU
	EndGlobalSection
	GlobalSection(ProjectConfigurationPlatforms) = postSolution
		{26E64563-2846-4AE6-B10C-E8787F7F2F45}.Debug|Any CPU.ActiveCfg = Debug|Any CPU
		{26E64563-2846-4AE6-B10C-E8787F7F2F45}.Release|Any CPU.ActiveCfg = Release|Any CPU
	EndGlobalSection
	GlobalSection(SolutionProperties) = preSolution
		HideSolutionNode = FALSE
	EndGlobalSection
	GlobalSection(ExtensibilityGlobals) = postSolution
		SolutionGuid = {39FE68D1-0FC6-4AB5-AEA9-B3975D189C73}
	EndGlobalSection
EndGlobal
